// !$*UTF8*$!
{
	archiveVersion = 1;
	classes = {
	};
	objectVersion = 55;
	objects = {

/* Begin PBXBuildFile section */
		AF23EFFC2709584D00A33634 /* AppDelegate.swift in Sources */ = {isa = PBXBuildFile; fileRef = AF23EFFB2709584D00A33634 /* AppDelegate.swift */; };
		AF23EFFE2709584D00A33634 /* SceneDelegate.swift in Sources */ = {isa = PBXBuildFile; fileRef = AF23EFFD2709584D00A33634 /* SceneDelegate.swift */; };
		AF23F0002709584D00A33634 /* ViewController.swift in Sources */ = {isa = PBXBuildFile; fileRef = AF23EFFF2709584D00A33634 /* ViewController.swift */; };
		AF23F0032709584D00A33634 /* Main.storyboard in Resources */ = {isa = PBXBuildFile; fileRef = AF23F0012709584D00A33634 /* Main.storyboard */; };
		AF23F0052709585000A33634 /* Assets.xcassets in Resources */ = {isa = PBXBuildFile; fileRef = AF23F0042709585000A33634 /* Assets.xcassets */; };
		AF23F0082709585000A33634 /* LaunchScreen.storyboard in Resources */ = {isa = PBXBuildFile; fileRef = AF23F0062709585000A33634 /* LaunchScreen.storyboard */; };
		AF23F0122709D0AC00A33634 /* Question.swift in Sources */ = {isa = PBXBuildFile; fileRef = AF23F0112709D0AC00A33634 /* Question.swift */; };
		AF23F0142709D0DF00A33634 /* QuizBrain.swift in Sources */ = {isa = PBXBuildFile; fileRef = AF23F0132709D0DF00A33634 /* QuizBrain.swift */; };
/* End PBXBuildFile section */

/* Begin PBXFileReference section */
		AF23EFF82709584D00A33634 /* NewQuizzler.app */ = {isa = PBXFileReference; explicitFileType = wrapper.application; includeInIndex = 0; path = NewQuizzler.app; sourceTree = BUILT_PRODUCTS_DIR; };
		AF23EFFB2709584D00A33634 /* AppDelegate.swift */ = {isa = PBXFileReference; lastKnownFileType = sourcecode.swift; path = AppDelegate.swift; sourceTree = "<group>"; };
		AF23EFFD2709584D00A33634 /* SceneDelegate.swift */ = {isa = PBXFileReference; lastKnownFileType = sourcecode.swift; path = SceneDelegate.swift; sourceTree = "<group>"; };
		AF23EFFF2709584D00A33634 /* ViewController.swift */ = {isa = PBXFileReference; lastKnownFileType = sourcecode.swift; path = ViewController.swift; sourceTree = "<group>"; };
		AF23F0022709584D00A33634 /* Base */ = {isa = PBXFileReference; lastKnownFileType = file.storyboard; name = Base; path = Base.lproj/Main.storyboard; sourceTree = "<group>"; };
		AF23F0042709585000A33634 /* Assets.xcassets */ = {isa = PBXFileReference; lastKnownFileType = folder.assetcatalog; path = Assets.xcassets; sourceTree = "<group>"; };
		AF23F0072709585000A33634 /* Base */ = {isa = PBXFileReference; lastKnownFileType = file.storyboard; name = Base; path = Base.lproj/LaunchScreen.storyboard; sourceTree = "<group>"; };
		AF23F0092709585000A33634 /* Info.plist */ = {isa = PBXFileReference; lastKnownFileType = text.plist.xml; path = Info.plist; sourceTree = "<group>"; };
		AF23F0112709D0AC00A33634 /* Question.swift */ = {isa = PBXFileReference; lastKnownFileType = sourcecode.swift; path = Question.swift; sourceTree = "<group>"; };
		AF23F0132709D0DF00A33634 /* QuizBrain.swift */ = {isa = PBXFileReference; lastKnownFileType = sourcecode.swift; path = QuizBrain.swift; sourceTree = "<group>"; };
/* End PBXFileReference section */

/* Begin PBXFrameworksBuildPhase section */
		AF23EFF52709584D00A33634 /* Frameworks */ = {
			isa = PBXFrameworksBuildPhase;
			buildActionMask = 2147483647;
			files = (
			);
			runOnlyForDeploymentPostprocessing = 0;
		};
/* End PBXFrameworksBuildPhase section */

/* Begin PBXGroup section */
		AF23EFEF2709584D00A33634 = {
			isa = PBXGroup;
			children = (
				AF23EFFA2709584D00A33634 /* NewQuizzler */,
				AF23EFF92709584D00A33634 /* Products */,
			);
			sourceTree = "<group>";
		};
		AF23EFF92709584D00A33634 /* Products */ = {
			isa = PBXGroup;
			children = (
				AF23EFF82709584D00A33634 /* NewQuizzler.app */,
			);
			name = Products;
			sourceTree = "<group>";
		};
		AF23EFFA2709584D00A33634 /* NewQuizzler */ = {
			isa = PBXGroup;
			children = (
				AF23F0102709D09200A33634 /* Model */,
				AF23EFFB2709584D00A33634 /* AppDelegate.swift */,
				AF23EFFD2709584D00A33634 /* SceneDelegate.swift */,
				AF23F00F2709D06C00A33634 /* View */,
				AF23F0152709D0E800A33634 /* Controller */,
				AF23F0042709585000A33634 /* Assets.xcassets */,
				AF23F0062709585000A33634 /* LaunchScreen.storyboard */,
				AF23F0092709585000A33634 /* Info.plist */,
			);
			path = NewQuizzler;
			sourceTree = "<group>";
		};
		AF23F00F2709D06C00A33634 /* View */ = {
			isa = PBXGroup;
			children = (
				AF23F0012709584D00A33634 /* Main.storyboard */,
			);
			path = View;
			sourceTree = "<group>";
		};
		AF23F0102709D09200A33634 /* Model */ = {
			isa = PBXGroup;
			children = (
				AF23F0112709D0AC00A33634 /* Question.swift */,
				AF23F0132709D0DF00A33634 /* QuizBrain.swift */,
			);
			path = Model;
			sourceTree = "<group>";
		};
		AF23F0152709D0E800A33634 /* Controller */ = {
			isa = PBXGroup;
			children = (
				AF23EFFF2709584D00A33634 /* ViewController.swift */,
			);
			path = Controller;
			sourceTree = "<group>";
		};
/* End PBXGroup section */

/* Begin PBXNativeTarget section */
		AF23EFF72709584D00A33634 /* NewQuizzler */ = {
			isa = PBXNativeTarget;
			buildConfigurationList = AF23F00C2709585000A33634 /* Build configuration list for PBXNativeTarget "NewQuizzler" */;
			buildPhases = (
				AF23EFF42709584D00A33634 /* Sources */,
				AF23EFF52709584D00A33634 /* Frameworks */,
				AF23EFF62709584D00A33634 /* Resources */,
			);
			buildRules = (
			);
			dependencies = (
			);
			name = NewQuizzler;
			productName = NewQuizzler;
			productReference = AF23EFF82709584D00A33634 /* NewQuizzler.app */;
			productType = "com.apple.product-type.application";
		};
/* End PBXNativeTarget section */

/* Begin PBXProject section */
		AF23EFF02709584D00A33634 /* Project object */ = {
			isa = PBXProject;
			attributes = {
				BuildIndependentTargetsInParallel = 1;
				LastSwiftUpdateCheck = 1300;
				LastUpgradeCheck = 1300;
				TargetAttributes = {
					AF23EFF72709584D00A33634 = {
						CreatedOnToolsVersion = 13.0;
					};
				};
			};
			buildConfigurationList = AF23EFF32709584D00A33634 /* Build configuration list for PBXProject "NewQuizzler" */;
			compatibilityVersion = "Xcode 13.0";
			developmentRegion = en;
			hasScannedForEncodings = 0;
			knownRegions = (
				en,
				Base,
			);
			mainGroup = AF23EFEF2709584D00A33634;
			productRefGroup = AF23EFF92709584D00A33634 /* Products */;
			projectDirPath = "";
			projectRoot = "";
			targets = (
				AF23EFF72709584D00A33634 /* NewQuizzler */,
			);
		};
/* End PBXProject section */

/* Begin PBXResourcesBuildPhase section */
		AF23EFF62709584D00A33634 /* Resources */ = {
			isa = PBXResourcesBuildPhase;
			buildActionMask = 2147483647;
			files = (
				AF23F0082709585000A33634 /* LaunchScreen.storyboard in Resources */,
				AF23F0052709585000A33634 /* Assets.xcassets in Resources */,
				AF23F0032709584D00A33634 /* Main.storyboard in Resources */,
			);
			runOnlyForDeploymentPostprocessing = 0;
		};
/* End PBXResourcesBuildPhase section */

/* Begin PBXSourcesBuildPhase section */
		AF23EFF42709584D00A33634 /* Sources */ = {
			isa = PBXSourcesBuildPhase;
			buildActionMask = 2147483647;
			files = (
				AF23F0142709D0DF00A33634 /* QuizBrain.swift in Sources */,
				AF23F0002709584D00A33634 /* ViewController.swift in Sources */,
				AF23F0122709D0AC00A33634 /* Question.swift in Sources */,
				AF23EFFC2709584D00A33634 /* AppDelegate.swift in Sources */,
				AF23EFFE2709584D00A33634 /* SceneDelegate.swift in Sources */,
			);
			runOnlyForDeploymentPostprocessing = 0;
		};
/* End PBXSourcesBuildPhase section */

/* Begin PBXVariantGroup section */
		AF23F0012709584D00A33634 /* Main.storyboard */ = {
			isa = PBXVariantGroup;
			children = (
				AF23F0022709584D00A33634 /* Base */,
			);
			name = Main.storyboard;
			sourceTree = "<group>";
		};
		AF23F0062709585000A33634 /* LaunchScreen.storyboard */ = {
			isa = PBXVariantGroup;
			children = (
				AF23F0072709585000A33634 /* Base */,
			);
			name = LaunchScreen.storyboard;
			sourceTree = "<group>";
		};
/* End PBXVariantGroup section */

/* Begin XCBuildConfiguration section */
		AF23F00A2709585000A33634 /* Debug */ = {
			isa = XCBuildConfiguration;
			buildSettings = {
				ALWAYS_SEARCH_USER_PATHS = NO;
				CLANG_ANALYZER_NONNULL = YES;
				CLANG_ANALYZER_NUMBER_OBJECT_CONVERSION = YES_AGGRESSIVE;
				CLANG_CXX_LANGUAGE_STANDARD = "gnu++17";
				CLANG_CXX_LIBRARY = "libc++";
				CLANG_ENABLE_MODULES = YES;
				CLANG_ENABLE_OBJC_ARC = YES;
				CLANG_ENABLE_OBJC_WEAK = YES;
				CLANG_WARN_BLOCK_CAPTURE_AUTORELEASING = YES;
				CLANG_WARN_BOOL_CONVERSION = YES;
				CLANG_WARN_COMMA = YES;
				CLANG_WARN_CONSTANT_CONVERSION = YES;
				CLANG_WARN_DEPRECATED_OBJC_IMPLEMENTATIONS = YES;
				CLANG_WARN_DIRECT_OBJC_ISA_USAGE = YES_ERROR;
				CLANG_WARN_DOCUMENTATION_COMMENTS = YES;
				CLANG_WARN_EMPTY_BODY = YES;
				CLANG_WARN_ENUM_CONVERSION = YES;
				CLANG_WARN_INFINITE_RECURSION = YES;
				CLANG_WARN_INT_CONVERSION = YES;
				CLANG_WARN_NON_LITERAL_NULL_CONVERSION = YES;
				CLANG_WARN_OBJC_IMPLICIT_RETAIN_SELF = YES;
				CLANG_WARN_OBJC_LITERAL_CONVERSION = YES;
				CLANG_WARN_OBJC_ROOT_CLASS = YES_ERROR;
				CLANG_WARN_QUOTED_INCLUDE_IN_FRAMEWORK_HEADER = YES;
				CLANG_WARN_RANGE_LOOP_ANALYSIS = YES;
				CLANG_WARN_STRICT_PROTOTYPES = YES;
				CLANG_WARN_SUSPICIOUS_MOVE = YES;
				CLANG_WARN_UNGUARDED_AVAILABILITY = YES_AGGRESSIVE;
				CLANG_WARN_UNREACHABLE_CODE = YES;
				CLANG_WARN__DUPLICATE_METHOD_MATCH = YES;
				COPY_PHASE_STRIP = NO;
				DEBUG_INFORMATION_FORMAT = dwarf;
				ENABLE_STRICT_OBJC_MSGSEND = YES;
				ENABLE_TESTABILITY = YES;
				GCC_C_LANGUAGE_STANDARD = gnu11;
				GCC_DYNAMIC_NO_PIC = NO;
				GCC_NO_COMMON_BLOCKS = YES;
				GCC_OPTIMIZATION_LEVEL = 0;
				GCC_PREPROCESSOR_DEFINITIONS = (
					"DEBUG=1",
					"$(inherited)",
				);
				GCC_WARN_64_TO_32_BIT_CONVERSION = YES;
				GCC_WARN_ABOUT_RETURN_TYPE = YES_ERROR;
				GCC_WARN_UNDECLARED_SELECTOR = YES;
				GCC_WARN_UNINITIALIZED_AUTOS = YES_AGGRESSIVE;
				GCC_WARN_UNUSED_FUNCTION = YES;
				GCC_WARN_UNUSED_VARIABLE = YES;
				IPHONEOS_DEPLOYMENT_TARGET = 15.0;
				MTL_ENABLE_DEBUG_INFO = INCLUDE_SOURCE;
				MTL_FAST_MATH = YES;
				ONLY_ACTIVE_ARCH = YES;
				SDKROOT = iphoneos;
				SWIFT_ACTIVE_COMPILATION_CONDITIONS = DEBUG;
				SWIFT_OPTIMIZATION_LEVEL = "-Onone";
			};
			name = Debug;
		};
		AF23F00B2709585000A33634 /* Release */ = {
			isa = XCBuildConfiguration;
			buildSettings = {
				ALWAYS_SEARCH_USER_PATHS = NO;
				CLANG_ANALYZER_NONNULL = YES;
				CLANG_ANALYZER_NUMBER_OBJECT_CONVERSION = YES_AGGRESSIVE;
				CLANG_CXX_LANGUAGE_STANDARD = "gnu++17";
				CLANG_CXX_LIBRARY = "libc++";
				CLANG_ENABLE_MODULES = YES;
				CLANG_ENABLE_OBJC_ARC = YES;
				CLANG_ENABLE_OBJC_WEAK = YES;
				CLANG_WARN_BLOCK_CAPTURE_AUTORELEASING = YES;
				CLANG_WARN_BOOL_CONVERSION = YES;
				CLANG_WARN_COMMA = YES;
				CLANG_WARN_CONSTANT_CONVERSION = YES;
				CLANG_WARN_DEPRECATED_OBJC_IMPLEMENTATIONS = YES;
				CLANG_WARN_DIRECT_OBJC_ISA_USAGE = YES_ERROR;
				CLANG_WARN_DOCUMENTATION_COMMENTS = YES;
				CLANG_WARN_EMPTY_BODY = YES;
				CLANG_WARN_ENUM_CONVERSION = YES;
				CLANG_WARN_INFINITE_RECURSION = YES;
				CLANG_WARN_INT_CONVERSION = YES;
				CLANG_WARN_NON_LITERAL_NULL_CONVERSION = YES;
				CLANG_WARN_OBJC_IMPLICIT_RETAIN_SELF = YES;
				CLANG_WARN_OBJC_LITERAL_CONVERSION = YES;
				CLANG_WARN_OBJC_ROOT_CLASS = YES_ERROR;
				CLANG_WARN_QUOTED_INCLUDE_IN_FRAMEWORK_HEADER = YES;
				CLANG_WARN_RANGE_LOOP_ANALYSIS = YES;
				CLANG_WARN_STRICT_PROTOTYPES = YES;
				CLANG_WARN_SUSPICIOUS_MOVE = YES;
				CLANG_WARN_UNGUARDED_AVAILABILITY = YES_AGGRESSIVE;
				CLANG_WARN_UNREACHABLE_CODE = YES;
				CLANG_WARN__DUPLICATE_METHOD_MATCH = YES;
				COPY_PHASE_STRIP = NO;
				DEBUG_INFORMATION_FORMAT = "dwarf-with-dsym";
				ENABLE_NS_ASSERTIONS = NO;
				ENABLE_STRICT_OBJC_MSGSEND = YES;
				GCC_C_LANGUAGE_STANDARD = gnu11;
				GCC_NO_COMMON_BLOCKS = YES;
				GCC_WARN_64_TO_32_BIT_CONVERSION = YES;
				GCC_WARN_ABOUT_RETURN_TYPE = YES_ERROR;
				GCC_WARN_UNDECLARED_SELECTOR = YES;
				GCC_WARN_UNINITIALIZED_AUTOS = YES_AGGRESSIVE;
				GCC_WARN_UNUSED_FUNCTION = YES;
				GCC_WARN_UNUSED_VARIABLE = YES;
				IPHONEOS_DEPLOYMENT_TARGET = 15.0;
				MTL_ENABLE_DEBUG_INFO = NO;
				MTL_FAST_MATH = YES;
				SDKROOT = iphoneos;
				SWIFT_COMPILATION_MODE = wholemodule;
				SWIFT_OPTIMIZATION_LEVEL = "-O";
				VALIDATE_PRODUCT = YES;
			};
			name = Release;
		};
		AF23F00D2709585000A33634 /* Debug */ = {
			isa = XCBuildConfiguration;
			buildSettings = {
				ASSETCATALOG_COMPILER_APPICON_NAME = AppIcon;
				ASSETCATALOG_COMPILER_GLOBAL_ACCENT_COLOR_NAME = AccentColor;
				CODE_SIGN_STYLE = Automatic;
				CURRENT_PROJECT_VERSION = 1;
				DEVELOPMENT_TEAM = NW3H7K8PN7;
				GENERATE_INFOPLIST_FILE = YES;
				INFOPLIST_FILE = NewQuizzler/Info.plist;
				INFOPLIST_KEY_UIApplicationSupportsIndirectInputEvents = YES;
				INFOPLIST_KEY_UILaunchStoryboardName = LaunchScreen;
				INFOPLIST_KEY_UIMainStoryboardFile = Main;
				INFOPLIST_KEY_UISupportedInterfaceOrientations_iPad = "UIInterfaceOrientationPortrait UIInterfaceOrientationPortraitUpsideDown UIInterfaceOrientationLandscapeLeft UIInterfaceOrientationLandscapeRight";
				INFOPLIST_KEY_UISupportedInterfaceOrientations_iPhone = "UIInterfaceOrientationPortrait UIInterfaceOrientationLandscapeLeft UIInterfaceOrientationLandscapeRight";
				LD_RUNPATH_SEARCH_PATHS = (
					"$(inherited)",
					"@executable_path/Frameworks",
				);
				MARKETING_VERSION = 1.0;
				PRODUCT_BUNDLE_IDENTIFIER = "com.thiago-leite.NewQuizzler";
				PRODUCT_NAME = "$(TARGET_NAME)";
				SWIFT_EMIT_LOC_STRINGS = YES;
				SWIFT_VERSION = 5.0;
				TARGETED_DEVICE_FAMILY = "1,2";
			};
			name = Debug;
		};
		AF23F00E2709585000A33634 /* Release */ = {
			isa = XCBuildConfiguration;
			buildSettings = {
				ASSETCATALOG_COMPILER_APPICON_NAME = AppIcon;
				ASSETCATALOG_COMPILER_GLOBAL_ACCENT_COLOR_NAME = AccentColor;
				CODE_SIGN_STYLE = Automatic;
				CURRENT_PROJECT_VERSION = 1;
				DEVELOPMENT_TEAM = NW3H7K8PN7;
				GENERATE_INFOPLIST_FILE = YES;
				INFOPLIST_FILE = NewQuizzler/Info.plist;
				INFOPLIST_KEY_UIApplicationSupportsIndirectInputEvents = YES;
				INFOPLIST_KEY_UILaunchStoryboardName = LaunchScreen;
				INFOPLIST_KEY_UIMainStoryboardFile = Main;
				INFOPLIST_KEY_UISupportedInterfaceOrientations_iPad = "UIInterfaceOrientationPortrait UIInterfaceOrientationPortraitUpsideDown UIInterfaceOrientationLandscapeLeft UIInterfaceOrientationLandscapeRight";
				INFOPLIST_KEY_UISupportedInterfaceOrientations_iPhone = "UIInterfaceOrientationPortrait UIInterfaceOrientationLandscapeLeft UIInterfaceOrientationLandscapeRight";
				LD_RUNPATH_SEARCH_PATHS = (
					"$(inherited)",
					"@executable_path/Frameworks",
				);
				MARKETING_VERSION = 1.0;
				PRODUCT_BUNDLE_IDENTIFIER = "com.thiago-leite.NewQuizzler";
				PRODUCT_NAME = "$(TARGET_NAME)";
				SWIFT_EMIT_LOC_STRINGS = YES;
				SWIFT_VERSION = 5.0;
				TARGETED_DEVICE_FAMILY = "1,2";
			};
			name = Release;
		};
/* End XCBuildConfiguration section */

/* Begin XCConfigurationList section */
		AF23EFF32709584D00A33634 /* Build configuration list for PBXProject "NewQuizzler" */ = {
			isa = XCConfigurationList;
			buildConfigurations = (
				AF23F00A2709585000A33634 /* Debug */,
				AF23F00B2709585000A33634 /* Release */,
			);
			defaultConfigurationIsVisible = 0;
			defaultConfigurationName = Release;
		};
		AF23F00C2709585000A33634 /* Build configuration list for PBXNativeTarget "NewQuizzler" */ = {
			isa = XCConfigurationList;
			buildConfigurations = (
				AF23F00D2709585000A33634 /* Debug */,
				AF23F00E2709585000A33634 /* Release */,
			);
			defaultConfigurationIsVisible = 0;
			defaultConfigurationName = Release;
		};
/* End XCConfigurationList section */
	};
	rootObject = AF23EFF02709584D00A33634 /* Project object */;
}
